// !$*UTF8*$!
{
	archiveVersion = 1;
	classes = {
	};
	objectVersion = 46;
	objects = {

/* Begin PBXBuildFile section */
		B533D1D9199CF05F00C78EBA /* Foundation.framework in Frameworks */ = {isa = PBXBuildFile; fileRef = B533D1D8199CF05F00C78EBA /* Foundation.framework */; };
		B533D1DB199CF05F00C78EBA /* CoreGraphics.framework in Frameworks */ = {isa = PBXBuildFile; fileRef = B533D1DA199CF05F00C78EBA /* CoreGraphics.framework */; };
		B533D1DD199CF05F00C78EBA /* UIKit.framework in Frameworks */ = {isa = PBXBuildFile; fileRef = B533D1DC199CF05F00C78EBA /* UIKit.framework */; };
		B533D1E3199CF05F00C78EBA /* InfoPlist.strings in Resources */ = {isa = PBXBuildFile; fileRef = B533D1E1199CF05F00C78EBA /* InfoPlist.strings */; };
		B533D1EC199CF05F00C78EBA /* Main_iPhone.storyboard in Resources */ = {isa = PBXBuildFile; fileRef = B533D1EA199CF05F00C78EBA /* Main_iPhone.storyboard */; };
		B533D1F4199CF05F00C78EBA /* Images.xcassets in Resources */ = {isa = PBXBuildFile; fileRef = B533D1F3199CF05F00C78EBA /* Images.xcassets */; };
		B533D1FB199CF05F00C78EBA /* XCTest.framework in Frameworks */ = {isa = PBXBuildFile; fileRef = B533D1FA199CF05F00C78EBA /* XCTest.framework */; };
		B533D1FC199CF05F00C78EBA /* Foundation.framework in Frameworks */ = {isa = PBXBuildFile; fileRef = B533D1D8199CF05F00C78EBA /* Foundation.framework */; };
		B533D1FD199CF05F00C78EBA /* UIKit.framework in Frameworks */ = {isa = PBXBuildFile; fileRef = B533D1DC199CF05F00C78EBA /* UIKit.framework */; };
		B533D205199CF05F00C78EBA /* InfoPlist.strings in Resources */ = {isa = PBXBuildFile; fileRef = B533D203199CF05F00C78EBA /* InfoPlist.strings */; };
		B533D207199CF05F00C78EBA /* QuestionAskTests.m in Sources */ = {isa = PBXBuildFile; fileRef = B533D206199CF05F00C78EBA /* QuestionAskTests.m */; };
		B54B0E9619A196C500B4E019 /* AppDelegate.m in Sources */ = {isa = PBXBuildFile; fileRef = B54B0E9519A196C500B4E019 /* AppDelegate.m */; };
		B54B0E9B19A196D500B4E019 /* EnterViewContoller.m in Sources */ = {isa = PBXBuildFile; fileRef = B54B0E9819A196D500B4E019 /* EnterViewContoller.m */; };
		B54B0E9C19A196D500B4E019 /* MainViewController.m in Sources */ = {isa = PBXBuildFile; fileRef = B54B0E9A19A196D500B4E019 /* MainViewController.m */; };
		B54B0E9E19A196F300B4E019 /* main.m in Sources */ = {isa = PBXBuildFile; fileRef = B54B0E9D19A196F300B4E019 /* main.m */; };
		B54B0F7119A1C85700B4E019 /* btn_blue_bg.9.png in Resources */ = {isa = PBXBuildFile; fileRef = B54B0F3919A1C85700B4E019 /* btn_blue_bg.9.png */; };
		B54B0F7219A1C85700B4E019 /* btn_blue_bg.png in Resources */ = {isa = PBXBuildFile; fileRef = B54B0F3A19A1C85700B4E019 /* btn_blue_bg.png */; };
		B54B0F7319A1C85700B4E019 /* btn_blue_bg_click.9.png in Resources */ = {isa = PBXBuildFile; fileRef = B54B0F3B19A1C85700B4E019 /* btn_blue_bg_click.9.png */; };
		B54B0F7419A1C85700B4E019 /* btn_blue_bg_click.png in Resources */ = {isa = PBXBuildFile; fileRef = B54B0F3C19A1C85700B4E019 /* btn_blue_bg_click.png */; };
		B54B0F7519A1C85700B4E019 /* btn_white_bg.9.png in Resources */ = {isa = PBXBuildFile; fileRef = B54B0F3D19A1C85700B4E019 /* btn_white_bg.9.png */; };
		B54B0F7619A1C85700B4E019 /* btn_white_bg.png in Resources */ = {isa = PBXBuildFile; fileRef = B54B0F3E19A1C85700B4E019 /* btn_white_bg.png */; };
		B54B0F7719A1C85700B4E019 /* btn_white_bg_click.9.png in Resources */ = {isa = PBXBuildFile; fileRef = B54B0F3F19A1C85700B4E019 /* btn_white_bg_click.9.png */; };
		B54B0F7819A1C85700B4E019 /* btn_white_bg_click.png in Resources */ = {isa = PBXBuildFile; fileRef = B54B0F4019A1C85700B4E019 /* btn_white_bg_click.png */; };
		B54B0F7919A1C85700B4E019 /* index1.jpg in Resources */ = {isa = PBXBuildFile; fileRef = B54B0F4119A1C85700B4E019 /* index1.jpg */; };
		B54B0F7A19A1C85700B4E019 /* index_bg_android.jpg in Resources */ = {isa = PBXBuildFile; fileRef = B54B0F4219A1C85700B4E019 /* index_bg_android.jpg */; };
		B54B0F7B19A1C85700B4E019 /* index_bg_ios@2x.jpg in Resources */ = {isa = PBXBuildFile; fileRef = B54B0F4319A1C85700B4E019 /* index_bg_ios@2x.jpg */; };
		B54B0F7C19A1C85700B4E019 /* index_white_bg.9@2x.png in Resources */ = {isa = PBXBuildFile; fileRef = B54B0F4419A1C85700B4E019 /* index_white_bg.9@2x.png */; };
		B54B0F7D19A1C85700B4E019 /* index_white_bg.png in Resources */ = {isa = PBXBuildFile; fileRef = B54B0F4519A1C85700B4E019 /* index_white_bg.png */; };
		B54B0F7E19A1C85700B4E019 /* search_bg.9.png in Resources */ = {isa = PBXBuildFile; fileRef = B54B0F4619A1C85700B4E019 /* search_bg.9.png */; };
		B54B0F7F19A1C85700B4E019 /* search_bg.png in Resources */ = {isa = PBXBuildFile; fileRef = B54B0F4719A1C85700B4E019 /* search_bg.png */; };
		B54B0F8019A1C85700B4E019 /* toast_bg.9.png in Resources */ = {isa = PBXBuildFile; fileRef = B54B0F4819A1C85700B4E019 /* toast_bg.9.png */; };
		B54B0F8119A1C85700B4E019 /* toast_bg.png in Resources */ = {isa = PBXBuildFile; fileRef = B54B0F4919A1C85700B4E019 /* toast_bg.png */; };
		B54B0F8219A1C85700B4E019 /* windows_bg.9.png in Resources */ = {isa = PBXBuildFile; fileRef = B54B0F4A19A1C85700B4E019 /* windows_bg.9.png */; };
		B54B0F8319A1C85700B4E019 /* windows_bg.png in Resources */ = {isa = PBXBuildFile; fileRef = B54B0F4B19A1C85700B4E019 /* windows_bg.png */; };
		B54B0F8419A1C85700B4E019 /* 题先生UI规范.jpg in Resources */ = {isa = PBXBuildFile; fileRef = B54B0F4C19A1C85700B4E019 /* 题先生UI规范.jpg */; };
		B54B0F8519A1C85700B4E019 /* 题先生UI规范_03.png in Resources */ = {isa = PBXBuildFile; fileRef = B54B0F4D19A1C85700B4E019 /* 题先生UI规范_03.png */; };
		B54B0F8619A1C85700B4E019 /* 题先生UI规范_05.png in Resources */ = {isa = PBXBuildFile; fileRef = B54B0F4E19A1C85700B4E019 /* 题先生UI规范_05.png */; };
		B54B0F8719A1C85700B4E019 /* 题先生UI规范_07.png in Resources */ = {isa = PBXBuildFile; fileRef = B54B0F4F19A1C85700B4E019 /* 题先生UI规范_07.png */; };
		B54B0F8819A1C85700B4E019 /* 题先生UI规范_09.png in Resources */ = {isa = PBXBuildFile; fileRef = B54B0F5019A1C85700B4E019 /* 题先生UI规范_09.png */; };
		B54B0F8919A1C85700B4E019 /* 题先生UI规范_100@2x.png in Resources */ = {isa = PBXBuildFile; fileRef = B54B0F5119A1C85700B4E019 /* 题先生UI规范_100@2x.png */; };
		B54B0F8A19A1C85700B4E019 /* 题先生UI规范_101@2x.png in Resources */ = {isa = PBXBuildFile; fileRef = B54B0F5219A1C85700B4E019 /* 题先生UI规范_101@2x.png */; };
		B54B0F8B19A1C85700B4E019 /* 题先生UI规范_108@2x.png in Resources */ = {isa = PBXBuildFile; fileRef = B54B0F5319A1C85700B4E019 /* 题先生UI规范_108@2x.png */; };
		B54B0F8C19A1C85700B4E019 /* 题先生UI规范_111@2x.png in Resources */ = {isa = PBXBuildFile; fileRef = B54B0F5419A1C85700B4E019 /* 题先生UI规范_111@2x.png */; };
		B54B0F8D19A1C85700B4E019 /* 题先生UI规范_114@2x.png in Resources */ = {isa = PBXBuildFile; fileRef = B54B0F5519A1C85700B4E019 /* 题先生UI规范_114@2x.png */; };
		B54B0F8E19A1C85700B4E019 /* 题先生UI规范_117.png in Resources */ = {isa = PBXBuildFile; fileRef = B54B0F5619A1C85700B4E019 /* 题先生UI规范_117.png */; };
		B54B0F8F19A1C85700B4E019 /* 题先生UI规范_120.png in Resources */ = {isa = PBXBuildFile; fileRef = B54B0F5719A1C85700B4E019 /* 题先生UI规范_120.png */; };
		B54B0F9019A1C85700B4E019 /* 题先生UI规范_122.png in Resources */ = {isa = PBXBuildFile; fileRef = B54B0F5819A1C85700B4E019 /* 题先生UI规范_122.png */; };
		B54B0F9119A1C85700B4E019 /* 题先生UI规范_15.png in Resources */ = {isa = PBXBuildFile; fileRef = B54B0F5919A1C85700B4E019 /* 题先生UI规范_15.png */; };
		B54B0F9219A1C85700B4E019 /* 题先生UI规范_16.png in Resources */ = {isa = PBXBuildFile; fileRef = B54B0F5A19A1C85700B4E019 /* 题先生UI规范_16.png */; };
		B54B0F9319A1C85700B4E019 /* 题先生UI规范_17.png in Resources */ = {isa = PBXBuildFile; fileRef = B54B0F5B19A1C85700B4E019 /* 题先生UI规范_17.png */; };
		B54B0F9419A1C85700B4E019 /* 题先生UI规范_18.png in Resources */ = {isa = PBXBuildFile; fileRef = B54B0F5C19A1C85700B4E019 /* 题先生UI规范_18.png */; };
		B54B0F9519A1C85700B4E019 /* 题先生UI规范_20.png in Resources */ = {isa = PBXBuildFile; fileRef = B54B0F5D19A1C85700B4E019 /* 题先生UI规范_20.png */; };
		B54B0F9619A1C85700B4E019 /* 题先生UI规范_27.png in Resources */ = {isa = PBXBuildFile; fileRef = B54B0F5E19A1C85700B4E019 /* 题先生UI规范_27.png */; };
		B54B0F9719A1C85700B4E019 /* 题先生UI规范_28.png in Resources */ = {isa = PBXBuildFile; fileRef = B54B0F5F19A1C85700B4E019 /* 题先生UI规范_28.png */; };
		B54B0F9819A1C85700B4E019 /* 题先生UI规范_29.png in Resources */ = {isa = PBXBuildFile; fileRef = B54B0F6019A1C85700B4E019 /* 题先生UI规范_29.png */; };
		B54B0F9919A1C85700B4E019 /* 题先生UI规范_30.png in Resources */ = {isa = PBXBuildFile; fileRef = B54B0F6119A1C85700B4E019 /* 题先生UI规范_30.png */; };
		B54B0F9A19A1C85700B4E019 /* 题先生UI规范_31.png in Resources */ = {isa = PBXBuildFile; fileRef = B54B0F6219A1C85700B4E019 /* 题先生UI规范_31.png */; };
		B54B0F9B19A1C85700B4E019 /* 题先生UI规范_37.png in Resources */ = {isa = PBXBuildFile; fileRef = B54B0F6319A1C85700B4E019 /* 题先生UI规范_37.png */; };
		B54B0F9C19A1C85700B4E019 /* 题先生UI规范_38.png in Resources */ = {isa = PBXBuildFile; fileRef = B54B0F6419A1C85700B4E019 /* 题先生UI规范_38.png */; };
		B54B0F9D19A1C85700B4E019 /* 题先生UI规范_39.png in Resources */ = {isa = PBXBuildFile; fileRef = B54B0F6519A1C85700B4E019 /* 题先生UI规范_39.png */; };
		B54B0F9E19A1C85700B4E019 /* 题先生UI规范_40.png in Resources */ = {isa = PBXBuildFile; fileRef = B54B0F6619A1C85700B4E019 /* 题先生UI规范_40.png */; };
		B54B0F9F19A1C85700B4E019 /* 题先生UI规范_41.png in Resources */ = {isa = PBXBuildFile; fileRef = B54B0F6719A1C85700B4E019 /* 题先生UI规范_41.png */; };
		B54B0FA019A1C85700B4E019 /* 题先生UI规范_43.png in Resources */ = {isa = PBXBuildFile; fileRef = B54B0F6819A1C85700B4E019 /* 题先生UI规范_43.png */; };
		B54B0FA119A1C85700B4E019 /* 题先生UI规范_82@2x.png in Resources */ = {isa = PBXBuildFile; fileRef = B54B0F6919A1C85700B4E019 /* 题先生UI规范_82@2x.png */; };
		B54B0FA219A1C85700B4E019 /* 题先生UI规范_84@2x.png in Resources */ = {isa = PBXBuildFile; fileRef = B54B0F6A19A1C85700B4E019 /* 题先生UI规范_84@2x.png */; };
		B54B0FA319A1C85700B4E019 /* 题先生UI规范_86@2x.png in Resources */ = {isa = PBXBuildFile; fileRef = B54B0F6B19A1C85700B4E019 /* 题先生UI规范_86@2x.png */; };
		B54B0FA419A1C85700B4E019 /* 题先生UI规范_88@2x.png in Resources */ = {isa = PBXBuildFile; fileRef = B54B0F6C19A1C85700B4E019 /* 题先生UI规范_88@2x.png */; };
		B54B0FA519A1C85700B4E019 /* 题先生UI规范_90@2x.png in Resources */ = {isa = PBXBuildFile; fileRef = B54B0F6D19A1C85700B4E019 /* 题先生UI规范_90@2x.png */; };
		B54B0FA619A1C85700B4E019 /* 题先生UI规范_97@2x.png in Resources */ = {isa = PBXBuildFile; fileRef = B54B0F6E19A1C85700B4E019 /* 题先生UI规范_97@2x.png */; };
		B54B0FA719A1C85700B4E019 /* 题先生UI规范_98@2x.png in Resources */ = {isa = PBXBuildFile; fileRef = B54B0F6F19A1C85700B4E019 /* 题先生UI规范_98@2x.png */; };
		B54B0FA819A1C85700B4E019 /* 题先生UI规范_99@2x.png in Resources */ = {isa = PBXBuildFile; fileRef = B54B0F7019A1C85700B4E019 /* 题先生UI规范_99@2x.png */; };
		B5B383E519A0B76B00230083 /* Main_iPad.storyboard in Resources */ = {isa = PBXBuildFile; fileRef = B5B383E319A0B76B00230083 /* Main_iPad.storyboard */; };
/* End PBXBuildFile section */

/* Begin PBXContainerItemProxy section */
		B533D1FE199CF05F00C78EBA /* PBXContainerItemProxy */ = {
			isa = PBXContainerItemProxy;
			containerPortal = B533D1CD199CF05F00C78EBA /* Project object */;
			proxyType = 1;
			remoteGlobalIDString = B533D1D4199CF05F00C78EBA;
			remoteInfo = QuestionAsk;
		};
/* End PBXContainerItemProxy section */

/* Begin PBXFileReference section */
		B533D1D5199CF05F00C78EBA /* QuestionAsk.app */ = {isa = PBXFileReference; explicitFileType = wrapper.application; includeInIndex = 0; path = QuestionAsk.app; sourceTree = BUILT_PRODUCTS_DIR; };
		B533D1D8199CF05F00C78EBA /* Foundation.framework */ = {isa = PBXFileReference; lastKnownFileType = wrapper.framework; name = Foundation.framework; path = System/Library/Frameworks/Foundation.framework; sourceTree = SDKROOT; };
		B533D1DA199CF05F00C78EBA /* CoreGraphics.framework */ = {isa = PBXFileReference; lastKnownFileType = wrapper.framework; name = CoreGraphics.framework; path = System/Library/Frameworks/CoreGraphics.framework; sourceTree = SDKROOT; };
		B533D1DC199CF05F00C78EBA /* UIKit.framework */ = {isa = PBXFileReference; lastKnownFileType = wrapper.framework; name = UIKit.framework; path = System/Library/Frameworks/UIKit.framework; sourceTree = SDKROOT; };
		B533D1E0199CF05F00C78EBA /* QuestionAsk-Info.plist */ = {isa = PBXFileReference; lastKnownFileType = text.plist.xml; path = "QuestionAsk-Info.plist"; sourceTree = "<group>"; };
		B533D1E2199CF05F00C78EBA /* en */ = {isa = PBXFileReference; lastKnownFileType = text.plist.strings; name = en; path = en.lproj/InfoPlist.strings; sourceTree = "<group>"; };
		B533D1E6199CF05F00C78EBA /* QuestionAsk-Prefix.pch */ = {isa = PBXFileReference; lastKnownFileType = sourcecode.c.h; path = "QuestionAsk-Prefix.pch"; sourceTree = "<group>"; };
		B533D1EB199CF05F00C78EBA /* Base */ = {isa = PBXFileReference; lastKnownFileType = file.storyboard; name = Base; path = Base.lproj/Main_iPhone.storyboard; sourceTree = "<group>"; };
		B533D1F3199CF05F00C78EBA /* Images.xcassets */ = {isa = PBXFileReference; lastKnownFileType = folder.assetcatalog; path = Images.xcassets; sourceTree = "<group>"; };
		B533D1F9199CF05F00C78EBA /* QuestionAskTests.xctest */ = {isa = PBXFileReference; explicitFileType = wrapper.cfbundle; includeInIndex = 0; path = QuestionAskTests.xctest; sourceTree = BUILT_PRODUCTS_DIR; };
		B533D1FA199CF05F00C78EBA /* XCTest.framework */ = {isa = PBXFileReference; lastKnownFileType = wrapper.framework; name = XCTest.framework; path = Library/Frameworks/XCTest.framework; sourceTree = DEVELOPER_DIR; };
		B533D202199CF05F00C78EBA /* QuestionAskTests-Info.plist */ = {isa = PBXFileReference; lastKnownFileType = text.plist.xml; path = "QuestionAskTests-Info.plist"; sourceTree = "<group>"; };
		B533D204199CF05F00C78EBA /* en */ = {isa = PBXFileReference; lastKnownFileType = text.plist.strings; name = en; path = en.lproj/InfoPlist.strings; sourceTree = "<group>"; };
		B533D206199CF05F00C78EBA /* QuestionAskTests.m */ = {isa = PBXFileReference; lastKnownFileType = sourcecode.c.objc; path = QuestionAskTests.m; sourceTree = "<group>"; };
		B54B0E9419A196C500B4E019 /* AppDelegate.h */ = {isa = PBXFileReference; fileEncoding = 4; lastKnownFileType = sourcecode.c.h; name = AppDelegate.h; path = Classes/AppDelegate.h; sourceTree = "<group>"; };
		B54B0E9519A196C500B4E019 /* AppDelegate.m */ = {isa = PBXFileReference; fileEncoding = 4; lastKnownFileType = sourcecode.c.objc; name = AppDelegate.m; path = Classes/AppDelegate.m; sourceTree = "<group>"; };
		B54B0E9719A196D500B4E019 /* EnterViewContoller.h */ = {isa = PBXFileReference; fileEncoding = 4; lastKnownFileType = sourcecode.c.h; name = EnterViewContoller.h; path = Classes/EnterViewContoller.h; sourceTree = "<group>"; };
		B54B0E9819A196D500B4E019 /* EnterViewContoller.m */ = {isa = PBXFileReference; fileEncoding = 4; lastKnownFileType = sourcecode.c.objc; name = EnterViewContoller.m; path = Classes/EnterViewContoller.m; sourceTree = "<group>"; };
		B54B0E9919A196D500B4E019 /* MainViewController.h */ = {isa = PBXFileReference; fileEncoding = 4; lastKnownFileType = sourcecode.c.h; name = MainViewController.h; path = Classes/MainViewController.h; sourceTree = "<group>"; };
		B54B0E9A19A196D500B4E019 /* MainViewController.m */ = {isa = PBXFileReference; fileEncoding = 4; lastKnownFileType = sourcecode.c.objc; name = MainViewController.m; path = Classes/MainViewController.m; sourceTree = "<group>"; };
		B54B0E9D19A196F300B4E019 /* main.m */ = {isa = PBXFileReference; fileEncoding = 4; lastKnownFileType = sourcecode.c.objc; path = main.m; sourceTree = "<group>"; };
		B54B0F3919A1C85700B4E019 /* btn_blue_bg.9.png */ = {isa = PBXFileReference; lastKnownFileType = image.png; path = btn_blue_bg.9.png; sourceTree = "<group>"; };
		B54B0F3A19A1C85700B4E019 /* btn_blue_bg.png */ = {isa = PBXFileReference; lastKnownFileType = image.png; path = btn_blue_bg.png; sourceTree = "<group>"; };
		B54B0F3B19A1C85700B4E019 /* btn_blue_bg_click.9.png */ = {isa = PBXFileReference; lastKnownFileType = image.png; path = btn_blue_bg_click.9.png; sourceTree = "<group>"; };
		B54B0F3C19A1C85700B4E019 /* btn_blue_bg_click.png */ = {isa = PBXFileReference; lastKnownFileType = image.png; path = btn_blue_bg_click.png; sourceTree = "<group>"; };
		B54B0F3D19A1C85700B4E019 /* btn_white_bg.9.png */ = {isa = PBXFileReference; lastKnownFileType = image.png; path = btn_white_bg.9.png; sourceTree = "<group>"; };
		B54B0F3E19A1C85700B4E019 /* btn_white_bg.png */ = {isa = PBXFileReference; lastKnownFileType = image.png; path = btn_white_bg.png; sourceTree = "<group>"; };
		B54B0F3F19A1C85700B4E019 /* btn_white_bg_click.9.png */ = {isa = PBXFileReference; lastKnownFileType = image.png; path = btn_white_bg_click.9.png; sourceTree = "<group>"; };
		B54B0F4019A1C85700B4E019 /* btn_white_bg_click.png */ = {isa = PBXFileReference; lastKnownFileType = image.png; path = btn_white_bg_click.png; sourceTree = "<group>"; };
		B54B0F4119A1C85700B4E019 /* index1.jpg */ = {isa = PBXFileReference; lastKnownFileType = image.jpeg; path = index1.jpg; sourceTree = "<group>"; };
		B54B0F4219A1C85700B4E019 /* index_bg_android.jpg */ = {isa = PBXFileReference; lastKnownFileType = image.jpeg; path = index_bg_android.jpg; sourceTree = "<group>"; };
		B54B0F4319A1C85700B4E019 /* index_bg_ios@2x.jpg */ = {isa = PBXFileReference; lastKnownFileType = image.jpeg; path = "index_bg_ios@2x.jpg"; sourceTree = "<group>"; };
		B54B0F4419A1C85700B4E019 /* index_white_bg.9@2x.png */ = {isa = PBXFileReference; lastKnownFileType = image.png; path = "index_white_bg.9@2x.png"; sourceTree = "<group>"; };
		B54B0F4519A1C85700B4E019 /* index_white_bg.png */ = {isa = PBXFileReference; lastKnownFileType = image.png; path = index_white_bg.png; sourceTree = "<group>"; };
		B54B0F4619A1C85700B4E019 /* search_bg.9.png */ = {isa = PBXFileReference; lastKnownFileType = image.png; path = search_bg.9.png; sourceTree = "<group>"; };
		B54B0F4719A1C85700B4E019 /* search_bg.png */ = {isa = PBXFileReference; lastKnownFileType = image.png; path = search_bg.png; sourceTree = "<group>"; };
		B54B0F4819A1C85700B4E019 /* toast_bg.9.png */ = {isa = PBXFileReference; lastKnownFileType = image.png; path = toast_bg.9.png; sourceTree = "<group>"; };
		B54B0F4919A1C85700B4E019 /* toast_bg.png */ = {isa = PBXFileReference; lastKnownFileType = image.png; path = toast_bg.png; sourceTree = "<group>"; };
		B54B0F4A19A1C85700B4E019 /* windows_bg.9.png */ = {isa = PBXFileReference; lastKnownFileType = image.png; path = windows_bg.9.png; sourceTree = "<group>"; };
		B54B0F4B19A1C85700B4E019 /* windows_bg.png */ = {isa = PBXFileReference; lastKnownFileType = image.png; path = windows_bg.png; sourceTree = "<group>"; };
		B54B0F4C19A1C85700B4E019 /* 题先生UI规范.jpg */ = {isa = PBXFileReference; lastKnownFileType = image.jpeg; path = "题先生UI规范.jpg"; sourceTree = "<group>"; };
		B54B0F4D19A1C85700B4E019 /* 题先生UI规范_03.png */ = {isa = PBXFileReference; lastKnownFileType = image.png; path = "题先生UI规范_03.png"; sourceTree = "<group>"; };
		B54B0F4E19A1C85700B4E019 /* 题先生UI规范_05.png */ = {isa = PBXFileReference; lastKnownFileType = image.png; path = "题先生UI规范_05.png"; sourceTree = "<group>"; };
		B54B0F4F19A1C85700B4E019 /* 题先生UI规范_07.png */ = {isa = PBXFileReference; lastKnownFileType = image.png; path = "题先生UI规范_07.png"; sourceTree = "<group>"; };
		B54B0F5019A1C85700B4E019 /* 题先生UI规范_09.png */ = {isa = PBXFileReference; lastKnownFileType = image.png; path = "题先生UI规范_09.png"; sourceTree = "<group>"; };
		B54B0F5119A1C85700B4E019 /* 题先生UI规范_100@2x.png */ = {isa = PBXFileReference; lastKnownFileType = image.png; path = "题先生UI规范_100@2x.png"; sourceTree = "<group>"; };
		B54B0F5219A1C85700B4E019 /* 题先生UI规范_101@2x.png */ = {isa = PBXFileReference; lastKnownFileType = image.png; path = "题先生UI规范_101@2x.png"; sourceTree = "<group>"; };
		B54B0F5319A1C85700B4E019 /* 题先生UI规范_108@2x.png */ = {isa = PBXFileReference; lastKnownFileType = image.png; path = "题先生UI规范_108@2x.png"; sourceTree = "<group>"; };
		B54B0F5419A1C85700B4E019 /* 题先生UI规范_111@2x.png */ = {isa = PBXFileReference; lastKnownFileType = image.png; path = "题先生UI规范_111@2x.png"; sourceTree = "<group>"; };
		B54B0F5519A1C85700B4E019 /* 题先生UI规范_114@2x.png */ = {isa = PBXFileReference; lastKnownFileType = image.png; path = "题先生UI规范_114@2x.png"; sourceTree = "<group>"; };
		B54B0F5619A1C85700B4E019 /* 题先生UI规范_117.png */ = {isa = PBXFileReference; lastKnownFileType = image.png; path = "题先生UI规范_117.png"; sourceTree = "<group>"; };
		B54B0F5719A1C85700B4E019 /* 题先生UI规范_120.png */ = {isa = PBXFileReference; lastKnownFileType = image.png; path = "题先生UI规范_120.png"; sourceTree = "<group>"; };
		B54B0F5819A1C85700B4E019 /* 题先生UI规范_122.png */ = {isa = PBXFileReference; lastKnownFileType = image.png; path = "题先生UI规范_122.png"; sourceTree = "<group>"; };
		B54B0F5919A1C85700B4E019 /* 题先生UI规范_15.png */ = {isa = PBXFileReference; lastKnownFileType = image.png; path = "题先生UI规范_15.png"; sourceTree = "<group>"; };
		B54B0F5A19A1C85700B4E019 /* 题先生UI规范_16.png */ = {isa = PBXFileReference; lastKnownFileType = image.png; path = "题先生UI规范_16.png"; sourceTree = "<group>"; };
		B54B0F5B19A1C85700B4E019 /* 题先生UI规范_17.png */ = {isa = PBXFileReference; lastKnownFileType = image.png; path = "题先生UI规范_17.png"; sourceTree = "<group>"; };
		B54B0F5C19A1C85700B4E019 /* 题先生UI规范_18.png */ = {isa = PBXFileReference; lastKnownFileType = image.png; path = "题先生UI规范_18.png"; sourceTree = "<group>"; };
		B54B0F5D19A1C85700B4E019 /* 题先生UI规范_20.png */ = {isa = PBXFileReference; lastKnownFileType = image.png; path = "题先生UI规范_20.png"; sourceTree = "<group>"; };
		B54B0F5E19A1C85700B4E019 /* 题先生UI规范_27.png */ = {isa = PBXFileReference; lastKnownFileType = image.png; path = "题先生UI规范_27.png"; sourceTree = "<group>"; };
		B54B0F5F19A1C85700B4E019 /* 题先生UI规范_28.png */ = {isa = PBXFileReference; lastKnownFileType = image.png; path = "题先生UI规范_28.png"; sourceTree = "<group>"; };
		B54B0F6019A1C85700B4E019 /* 题先生UI规范_29.png */ = {isa = PBXFileReference; lastKnownFileType = image.png; path = "题先生UI规范_29.png"; sourceTree = "<group>"; };
		B54B0F6119A1C85700B4E019 /* 题先生UI规范_30.png */ = {isa = PBXFileReference; lastKnownFileType = image.png; path = "题先生UI规范_30.png"; sourceTree = "<group>"; };
		B54B0F6219A1C85700B4E019 /* 题先生UI规范_31.png */ = {isa = PBXFileReference; lastKnownFileType = image.png; path = "题先生UI规范_31.png"; sourceTree = "<group>"; };
		B54B0F6319A1C85700B4E019 /* 题先生UI规范_37.png */ = {isa = PBXFileReference; lastKnownFileType = image.png; path = "题先生UI规范_37.png"; sourceTree = "<group>"; };
		B54B0F6419A1C85700B4E019 /* 题先生UI规范_38.png */ = {isa = PBXFileReference; lastKnownFileType = image.png; path = "题先生UI规范_38.png"; sourceTree = "<group>"; };
		B54B0F6519A1C85700B4E019 /* 题先生UI规范_39.png */ = {isa = PBXFileReference; lastKnownFileType = image.png; path = "题先生UI规范_39.png"; sourceTree = "<group>"; };
		B54B0F6619A1C85700B4E019 /* 题先生UI规范_40.png */ = {isa = PBXFileReference; lastKnownFileType = image.png; path = "题先生UI规范_40.png"; sourceTree = "<group>"; };
		B54B0F6719A1C85700B4E019 /* 题先生UI规范_41.png */ = {isa = PBXFileReference; lastKnownFileType = image.png; path = "题先生UI规范_41.png"; sourceTree = "<group>"; };
		B54B0F6819A1C85700B4E019 /* 题先生UI规范_43.png */ = {isa = PBXFileReference; lastKnownFileType = image.png; path = "题先生UI规范_43.png"; sourceTree = "<group>"; };
		B54B0F6919A1C85700B4E019 /* 题先生UI规范_82@2x.png */ = {isa = PBXFileReference; lastKnownFileType = image.png; path = "题先生UI规范_82@2x.png"; sourceTree = "<group>"; };
		B54B0F6A19A1C85700B4E019 /* 题先生UI规范_84@2x.png */ = {isa = PBXFileReference; lastKnownFileType = image.png; path = "题先生UI规范_84@2x.png"; sourceTree = "<group>"; };
		B54B0F6B19A1C85700B4E019 /* 题先生UI规范_86@2x.png */ = {isa = PBXFileReference; lastKnownFileType = image.png; path = "题先生UI规范_86@2x.png"; sourceTree = "<group>"; };
		B54B0F6C19A1C85700B4E019 /* 题先生UI规范_88@2x.png */ = {isa = PBXFileReference; lastKnownFileType = image.png; path = "题先生UI规范_88@2x.png"; sourceTree = "<group>"; };
		B54B0F6D19A1C85700B4E019 /* 题先生UI规范_90@2x.png */ = {isa = PBXFileReference; lastKnownFileType = image.png; path = "题先生UI规范_90@2x.png"; sourceTree = "<group>"; };
		B54B0F6E19A1C85700B4E019 /* 题先生UI规范_97@2x.png */ = {isa = PBXFileReference; lastKnownFileType = image.png; path = "题先生UI规范_97@2x.png"; sourceTree = "<group>"; };
		B54B0F6F19A1C85700B4E019 /* 题先生UI规范_98@2x.png */ = {isa = PBXFileReference; lastKnownFileType = image.png; path = "题先生UI规范_98@2x.png"; sourceTree = "<group>"; };
		B54B0F7019A1C85700B4E019 /* 题先生UI规范_99@2x.png */ = {isa = PBXFileReference; lastKnownFileType = image.png; path = "题先生UI规范_99@2x.png"; sourceTree = "<group>"; };
		B5B383E419A0B76B00230083 /* Base */ = {isa = PBXFileReference; lastKnownFileType = file.storyboard; name = Base; path = Base.lproj/Main_iPad.storyboard; sourceTree = "<group>"; };
/* End PBXFileReference section */

/* Begin PBXFrameworksBuildPhase section */
		B533D1D2199CF05F00C78EBA /* Frameworks */ = {
			isa = PBXFrameworksBuildPhase;
			buildActionMask = 2147483647;
			files = (
				B533D1DB199CF05F00C78EBA /* CoreGraphics.framework in Frameworks */,
				B533D1DD199CF05F00C78EBA /* UIKit.framework in Frameworks */,
				B533D1D9199CF05F00C78EBA /* Foundation.framework in Frameworks */,
			);
			runOnlyForDeploymentPostprocessing = 0;
		};
		B533D1F6199CF05F00C78EBA /* Frameworks */ = {
			isa = PBXFrameworksBuildPhase;
			buildActionMask = 2147483647;
			files = (
				B533D1FB199CF05F00C78EBA /* XCTest.framework in Frameworks */,
				B533D1FD199CF05F00C78EBA /* UIKit.framework in Frameworks */,
				B533D1FC199CF05F00C78EBA /* Foundation.framework in Frameworks */,
			);
			runOnlyForDeploymentPostprocessing = 0;
		};
/* End PBXFrameworksBuildPhase section */

/* Begin PBXGroup section */
		B533D1CC199CF05F00C78EBA = {
			isa = PBXGroup;
			children = (
				B54B0F3819A1C85700B4E019 /* Images */,
				B533D1DE199CF05F00C78EBA /* Classes */,
				B533D200199CF05F00C78EBA /* QuestionAskTests */,
				B533D1D7199CF05F00C78EBA /* Frameworks */,
				B533D1D6199CF05F00C78EBA /* Products */,
			);
			sourceTree = "<group>";
		};
		B533D1D6199CF05F00C78EBA /* Products */ = {
			isa = PBXGroup;
			children = (
				B533D1D5199CF05F00C78EBA /* QuestionAsk.app */,
				B533D1F9199CF05F00C78EBA /* QuestionAskTests.xctest */,
			);
			name = Products;
			sourceTree = "<group>";
		};
		B533D1D7199CF05F00C78EBA /* Frameworks */ = {
			isa = PBXGroup;
			children = (
				B533D1D8199CF05F00C78EBA /* Foundation.framework */,
				B533D1DA199CF05F00C78EBA /* CoreGraphics.framework */,
				B533D1DC199CF05F00C78EBA /* UIKit.framework */,
				B533D1FA199CF05F00C78EBA /* XCTest.framework */,
			);
			name = Frameworks;
			sourceTree = "<group>";
		};
		B533D1DE199CF05F00C78EBA /* Classes */ = {
			isa = PBXGroup;
			children = (
				B54B0E9419A196C500B4E019 /* AppDelegate.h */,
				B54B0E9519A196C500B4E019 /* AppDelegate.m */,
				B5A132C419A07D040039BDB0 /* Controllers */,
				B5A132C319A07CDE0039BDB0 /* Views */,
				B5A132C219A07CD00039BDB0 /* Models */,
				B533D1F3199CF05F00C78EBA /* Images.xcassets */,
				B533D1DF199CF05F00C78EBA /* Supporting Files */,
			);
			name = Classes;
			path = QuestionAsk;
			sourceTree = "<group>";
		};
		B533D1DF199CF05F00C78EBA /* Supporting Files */ = {
			isa = PBXGroup;
			children = (
				B54B0E9D19A196F300B4E019 /* main.m */,
				B533D1E0199CF05F00C78EBA /* QuestionAsk-Info.plist */,
				B533D1E1199CF05F00C78EBA /* InfoPlist.strings */,
				B533D1E6199CF05F00C78EBA /* QuestionAsk-Prefix.pch */,
			);
			name = "Supporting Files";
			sourceTree = "<group>";
		};
		B533D200199CF05F00C78EBA /* QuestionAskTests */ = {
			isa = PBXGroup;
			children = (
				B533D206199CF05F00C78EBA /* QuestionAskTests.m */,
				B533D201199CF05F00C78EBA /* Supporting Files */,
			);
			path = QuestionAskTests;
			sourceTree = "<group>";
		};
		B533D201199CF05F00C78EBA /* Supporting Files */ = {
			isa = PBXGroup;
			children = (
				B533D202199CF05F00C78EBA /* QuestionAskTests-Info.plist */,
				B533D203199CF05F00C78EBA /* InfoPlist.strings */,
			);
			name = "Supporting Files";
			sourceTree = "<group>";
		};
		B54B0F3819A1C85700B4E019 /* Images */ = {
			isa = PBXGroup;
			children = (
				B54B0F3919A1C85700B4E019 /* btn_blue_bg.9.png */,
				B54B0F3A19A1C85700B4E019 /* btn_blue_bg.png */,
				B54B0F3B19A1C85700B4E019 /* btn_blue_bg_click.9.png */,
				B54B0F3C19A1C85700B4E019 /* btn_blue_bg_click.png */,
				B54B0F3D19A1C85700B4E019 /* btn_white_bg.9.png */,
				B54B0F3E19A1C85700B4E019 /* btn_white_bg.png */,
				B54B0F3F19A1C85700B4E019 /* btn_white_bg_click.9.png */,
				B54B0F4019A1C85700B4E019 /* btn_white_bg_click.png */,
				B54B0F4119A1C85700B4E019 /* index1.jpg */,
				B54B0F4219A1C85700B4E019 /* index_bg_android.jpg */,
				B54B0F4319A1C85700B4E019 /* index_bg_ios@2x.jpg */,
				B54B0F4419A1C85700B4E019 /* index_white_bg.9@2x.png */,
				B54B0F4519A1C85700B4E019 /* index_white_bg.png */,
				B54B0F4619A1C85700B4E019 /* search_bg.9.png */,
				B54B0F4719A1C85700B4E019 /* search_bg.png */,
				B54B0F4819A1C85700B4E019 /* toast_bg.9.png */,
				B54B0F4919A1C85700B4E019 /* toast_bg.png */,
				B54B0F4A19A1C85700B4E019 /* windows_bg.9.png */,
				B54B0F4B19A1C85700B4E019 /* windows_bg.png */,
				B54B0F4C19A1C85700B4E019 /* 题先生UI规范.jpg */,
				B54B0F4D19A1C85700B4E019 /* 题先生UI规范_03.png */,
				B54B0F4E19A1C85700B4E019 /* 题先生UI规范_05.png */,
				B54B0F4F19A1C85700B4E019 /* 题先生UI规范_07.png */,
				B54B0F5019A1C85700B4E019 /* 题先生UI规范_09.png */,
				B54B0F5119A1C85700B4E019 /* 题先生UI规范_100@2x.png */,
				B54B0F5219A1C85700B4E019 /* 题先生UI规范_101@2x.png */,
				B54B0F5319A1C85700B4E019 /* 题先生UI规范_108@2x.png */,
				B54B0F5419A1C85700B4E019 /* 题先生UI规范_111@2x.png */,
				B54B0F5519A1C85700B4E019 /* 题先生UI规范_114@2x.png */,
				B54B0F5619A1C85700B4E019 /* 题先生UI规范_117.png */,
				B54B0F5719A1C85700B4E019 /* 题先生UI规范_120.png */,
				B54B0F5819A1C85700B4E019 /* 题先生UI规范_122.png */,
				B54B0F5919A1C85700B4E019 /* 题先生UI规范_15.png */,
				B54B0F5A19A1C85700B4E019 /* 题先生UI规范_16.png */,
				B54B0F5B19A1C85700B4E019 /* 题先生UI规范_17.png */,
				B54B0F5C19A1C85700B4E019 /* 题先生UI规范_18.png */,
				B54B0F5D19A1C85700B4E019 /* 题先生UI规范_20.png */,
				B54B0F5E19A1C85700B4E019 /* 题先生UI规范_27.png */,
				B54B0F5F19A1C85700B4E019 /* 题先生UI规范_28.png */,
				B54B0F6019A1C85700B4E019 /* 题先生UI规范_29.png */,
				B54B0F6119A1C85700B4E019 /* 题先生UI规范_30.png */,
				B54B0F6219A1C85700B4E019 /* 题先生UI规范_31.png */,
				B54B0F6319A1C85700B4E019 /* 题先生UI规范_37.png */,
				B54B0F6419A1C85700B4E019 /* 题先生UI规范_38.png */,
				B54B0F6519A1C85700B4E019 /* 题先生UI规范_39.png */,
				B54B0F6619A1C85700B4E019 /* 题先生UI规范_40.png */,
				B54B0F6719A1C85700B4E019 /* 题先生UI规范_41.png */,
				B54B0F6819A1C85700B4E019 /* 题先生UI规范_43.png */,
				B54B0F6919A1C85700B4E019 /* 题先生UI规范_82@2x.png */,
				B54B0F6A19A1C85700B4E019 /* 题先生UI规范_84@2x.png */,
				B54B0F6B19A1C85700B4E019 /* 题先生UI规范_86@2x.png */,
				B54B0F6C19A1C85700B4E019 /* 题先生UI规范_88@2x.png */,
				B54B0F6D19A1C85700B4E019 /* 题先生UI规范_90@2x.png */,
				B54B0F6E19A1C85700B4E019 /* 题先生UI规范_97@2x.png */,
				B54B0F6F19A1C85700B4E019 /* 题先生UI规范_98@2x.png */,
				B54B0F7019A1C85700B4E019 /* 题先生UI规范_99@2x.png */,
			);
			name = Images;
			path = QuestionAsk/Images;
			sourceTree = "<group>";
		};
		B5A132C219A07CD00039BDB0 /* Models */ = {
			isa = PBXGroup;
			children = (
			);
			name = Models;
			sourceTree = "<group>";
		};
		B5A132C319A07CDE0039BDB0 /* Views */ = {
			isa = PBXGroup;
			children = (
				B5B383E319A0B76B00230083 /* Main_iPad.storyboard */,
				B533D1EA199CF05F00C78EBA /* Main_iPhone.storyboard */,
			);
			name = Views;
			sourceTree = "<group>";
		};
		B5A132C419A07D040039BDB0 /* Controllers */ = {
			isa = PBXGroup;
			children = (
				B54B0E9719A196D500B4E019 /* EnterViewContoller.h */,
				B54B0E9819A196D500B4E019 /* EnterViewContoller.m */,
				B54B0E9919A196D500B4E019 /* MainViewController.h */,
				B54B0E9A19A196D500B4E019 /* MainViewController.m */,
			);
			name = Controllers;
			sourceTree = "<group>";
		};
/* End PBXGroup section */

/* Begin PBXNativeTarget section */
		B533D1D4199CF05F00C78EBA /* QuestionAsk */ = {
			isa = PBXNativeTarget;
			buildConfigurationList = B533D20A199CF05F00C78EBA /* Build configuration list for PBXNativeTarget "QuestionAsk" */;
			buildPhases = (
				B533D1D1199CF05F00C78EBA /* Sources */,
				B533D1D2199CF05F00C78EBA /* Frameworks */,
				B533D1D3199CF05F00C78EBA /* Resources */,
			);
			buildRules = (
			);
			dependencies = (
			);
			name = QuestionAsk;
			productName = QuestionAsk;
			productReference = B533D1D5199CF05F00C78EBA /* QuestionAsk.app */;
			productType = "com.apple.product-type.application";
		};
		B533D1F8199CF05F00C78EBA /* QuestionAskTests */ = {
			isa = PBXNativeTarget;
			buildConfigurationList = B533D20D199CF05F00C78EBA /* Build configuration list for PBXNativeTarget "QuestionAskTests" */;
			buildPhases = (
				B533D1F5199CF05F00C78EBA /* Sources */,
				B533D1F6199CF05F00C78EBA /* Frameworks */,
				B533D1F7199CF05F00C78EBA /* Resources */,
			);
			buildRules = (
			);
			dependencies = (
				B533D1FF199CF05F00C78EBA /* PBXTargetDependency */,
			);
			name = QuestionAskTests;
			productName = QuestionAskTests;
			productReference = B533D1F9199CF05F00C78EBA /* QuestionAskTests.xctest */;
			productType = "com.apple.product-type.bundle.unit-test";
		};
/* End PBXNativeTarget section */

/* Begin PBXProject section */
		B533D1CD199CF05F00C78EBA /* Project object */ = {
			isa = PBXProject;
			attributes = {
				LastUpgradeCheck = 0510;
				ORGANIZATIONNAME = 723;
				TargetAttributes = {
					B533D1F8199CF05F00C78EBA = {
						TestTargetID = B533D1D4199CF05F00C78EBA;
					};
				};
			};
			buildConfigurationList = B533D1D0199CF05F00C78EBA /* Build configuration list for PBXProject "QuestionAsk" */;
			compatibilityVersion = "Xcode 3.2";
			developmentRegion = English;
			hasScannedForEncodings = 0;
			knownRegions = (
				en,
				Base,
			);
			mainGroup = B533D1CC199CF05F00C78EBA;
			productRefGroup = B533D1D6199CF05F00C78EBA /* Products */;
			projectDirPath = "";
			projectRoot = "";
			targets = (
				B533D1D4199CF05F00C78EBA /* QuestionAsk */,
				B533D1F8199CF05F00C78EBA /* QuestionAskTests */,
			);
		};
/* End PBXProject section */

/* Begin PBXResourcesBuildPhase section */
		B533D1D3199CF05F00C78EBA /* Resources */ = {
			isa = PBXResourcesBuildPhase;
			buildActionMask = 2147483647;
			files = (
				B54B0F7419A1C85700B4E019 /* btn_blue_bg_click.png in Resources */,
				B54B0FA719A1C85700B4E019 /* 题先生UI规范_98@2x.png in Resources */,
				B54B0F7F19A1C85700B4E019 /* search_bg.png in Resources */,
				B54B0F7E19A1C85700B4E019 /* search_bg.9.png in Resources */,
				B54B0F8119A1C85700B4E019 /* toast_bg.png in Resources */,
				B5B383E519A0B76B00230083 /* Main_iPad.storyboard in Resources */,
				B54B0F8C19A1C85700B4E019 /* 题先生UI规范_111@2x.png in Resources */,
				B54B0FA119A1C85700B4E019 /* 题先生UI规范_82@2x.png in Resources */,
				B54B0F9D19A1C85700B4E019 /* 题先生UI规范_39.png in Resources */,
				B54B0FA019A1C85700B4E019 /* 题先生UI规范_43.png in Resources */,
				B54B0F8E19A1C85700B4E019 /* 题先生UI规范_117.png in Resources */,
				B54B0F9919A1C85700B4E019 /* 题先生UI规范_30.png in Resources */,
				B54B0F9319A1C85700B4E019 /* 题先生UI规范_17.png in Resources */,
				B54B0F9B19A1C85700B4E019 /* 题先生UI规范_37.png in Resources */,
				B54B0F7819A1C85700B4E019 /* btn_white_bg_click.png in Resources */,
				B54B0FA519A1C85700B4E019 /* 题先生UI规范_90@2x.png in Resources */,
				B54B0F7719A1C85700B4E019 /* btn_white_bg_click.9.png in Resources */,
				B54B0F8519A1C85700B4E019 /* 题先生UI规范_03.png in Resources */,
				B54B0F8A19A1C85700B4E019 /* 题先生UI规范_101@2x.png in Resources */,
				B54B0FA419A1C85700B4E019 /* 题先生UI规范_88@2x.png in Resources */,
				B54B0F8D19A1C85700B4E019 /* 题先生UI规范_114@2x.png in Resources */,
				B54B0F9A19A1C85700B4E019 /* 题先生UI规范_31.png in Resources */,
				B54B0F7B19A1C85700B4E019 /* index_bg_ios@2x.jpg in Resources */,
				B54B0F8619A1C85700B4E019 /* 题先生UI规范_05.png in Resources */,
				B54B0F7219A1C85700B4E019 /* btn_blue_bg.png in Resources */,
				B54B0F9119A1C85700B4E019 /* 题先生UI规范_15.png in Resources */,
				B533D1F4199CF05F00C78EBA /* Images.xcassets in Resources */,
				B533D1EC199CF05F00C78EBA /* Main_iPhone.storyboard in Resources */,
				B54B0F8219A1C85700B4E019 /* windows_bg.9.png in Resources */,
				B54B0F8B19A1C85700B4E019 /* 题先生UI规范_108@2x.png in Resources */,
				B54B0FA319A1C85700B4E019 /* 题先生UI规范_86@2x.png in Resources */,
				B54B0F7D19A1C85700B4E019 /* index_white_bg.png in Resources */,
				B54B0F8019A1C85700B4E019 /* toast_bg.9.png in Resources */,
				B54B0F9819A1C85700B4E019 /* 题先生UI规范_29.png in Resources */,
				B54B0F8F19A1C85700B4E019 /* 题先生UI规范_120.png in Resources */,
				B54B0F8419A1C85700B4E019 /* 题先生UI规范.jpg in Resources */,
				B54B0F8819A1C85700B4E019 /* 题先生UI规范_09.png in Resources */,
				B54B0F7319A1C85700B4E019 /* btn_blue_bg_click.9.png in Resources */,
				B54B0F9E19A1C85700B4E019 /* 题先生UI规范_40.png in Resources */,
				B54B0F8719A1C85700B4E019 /* 题先生UI规范_07.png in Resources */,
				B54B0F9019A1C85700B4E019 /* 题先生UI规范_122.png in Resources */,
				B54B0F7519A1C85700B4E019 /* btn_white_bg.9.png in Resources */,
				B54B0F8319A1C85700B4E019 /* windows_bg.png in Resources */,
				B54B0F7A19A1C85700B4E019 /* index_bg_android.jpg in Resources */,
				B54B0F7C19A1C85700B4E019 /* index_white_bg.9@2x.png in Resources */,
				B54B0F9519A1C85700B4E019 /* 题先生UI规范_20.png in Resources */,
				B54B0F9F19A1C85700B4E019 /* 题先生UI规范_41.png in Resources */,
				B54B0FA219A1C85700B4E019 /* 题先生UI规范_84@2x.png in Resources */,
				B54B0F9719A1C85700B4E019 /* 题先生UI规范_28.png in Resources */,
				B533D1E3199CF05F00C78EBA /* InfoPlist.strings in Resources */,
				B54B0F7119A1C85700B4E019 /* btn_blue_bg.9.png in Resources */,
				B54B0F7619A1C85700B4E019 /* btn_white_bg.png in Resources */,
				B54B0F9219A1C85700B4E019 /* 题先生UI规范_16.png in Resources */,
				B54B0F9419A1C85700B4E019 /* 题先生UI规范_18.png in Resources */,
				B54B0F8919A1C85700B4E019 /* 题先生UI规范_100@2x.png in Resources */,
				B54B0FA819A1C85700B4E019 /* 题先生UI规范_99@2x.png in Resources */,
				B54B0F7919A1C85700B4E019 /* index1.jpg in Resources */,
				B54B0F9619A1C85700B4E019 /* 题先生UI规范_27.png in Resources */,
				B54B0F9C19A1C85700B4E019 /* 题先生UI规范_38.png in Resources */,
				B54B0FA619A1C85700B4E019 /* 题先生UI规范_97@2x.png in Resources */,
			);
			runOnlyForDeploymentPostprocessing = 0;
		};
		B533D1F7199CF05F00C78EBA /* Resources */ = {
			isa = PBXResourcesBuildPhase;
			buildActionMask = 2147483647;
			files = (
				B533D205199CF05F00C78EBA /* InfoPlist.strings in Resources */,
			);
			runOnlyForDeploymentPostprocessing = 0;
		};
/* End PBXResourcesBuildPhase section */

/* Begin PBXSourcesBuildPhase section */
		B533D1D1199CF05F00C78EBA /* Sources */ = {
			isa = PBXSourcesBuildPhase;
			buildActionMask = 2147483647;
			files = (
				B54B0E9619A196C500B4E019 /* AppDelegate.m in Sources */,
				B54B0E9C19A196D500B4E019 /* MainViewController.m in Sources */,
				B54B0E9E19A196F300B4E019 /* main.m in Sources */,
				B54B0E9B19A196D500B4E019 /* EnterViewContoller.m in Sources */,
			);
			runOnlyForDeploymentPostprocessing = 0;
		};
		B533D1F5199CF05F00C78EBA /* Sources */ = {
			isa = PBXSourcesBuildPhase;
			buildActionMask = 2147483647;
			files = (
				B533D207199CF05F00C78EBA /* QuestionAskTests.m in Sources */,
			);
			runOnlyForDeploymentPostprocessing = 0;
		};
/* End PBXSourcesBuildPhase section */

/* Begin PBXTargetDependency section */
		B533D1FF199CF05F00C78EBA /* PBXTargetDependency */ = {
			isa = PBXTargetDependency;
			target = B533D1D4199CF05F00C78EBA /* QuestionAsk */;
			targetProxy = B533D1FE199CF05F00C78EBA /* PBXContainerItemProxy */;
		};
/* End PBXTargetDependency section */

/* Begin PBXVariantGroup section */
		B533D1E1199CF05F00C78EBA /* InfoPlist.strings */ = {
			isa = PBXVariantGroup;
			children = (
				B533D1E2199CF05F00C78EBA /* en */,
			);
			name = InfoPlist.strings;
			sourceTree = "<group>";
		};
		B533D1EA199CF05F00C78EBA /* Main_iPhone.storyboard */ = {
			isa = PBXVariantGroup;
			children = (
				B533D1EB199CF05F00C78EBA /* Base */,
			);
			name = Main_iPhone.storyboard;
			sourceTree = "<group>";
		};
		B533D203199CF05F00C78EBA /* InfoPlist.strings */ = {
			isa = PBXVariantGroup;
			children = (
				B533D204199CF05F00C78EBA /* en */,
			);
			name = InfoPlist.strings;
			sourceTree = "<group>";
		};
		B5B383E319A0B76B00230083 /* Main_iPad.storyboard */ = {
			isa = PBXVariantGroup;
			children = (
				B5B383E419A0B76B00230083 /* Base */,
			);
			name = Main_iPad.storyboard;
			sourceTree = "<group>";
		};
/* End PBXVariantGroup section */

/* Begin XCBuildConfiguration section */
		B533D208199CF05F00C78EBA /* Debug */ = {
			isa = XCBuildConfiguration;
			buildSettings = {
				ALWAYS_SEARCH_USER_PATHS = NO;
				CLANG_CXX_LANGUAGE_STANDARD = "gnu++0x";
				CLANG_CXX_LIBRARY = "libc++";
				CLANG_ENABLE_MODULES = YES;
				CLANG_ENABLE_OBJC_ARC = YES;
				CLANG_WARN_BOOL_CONVERSION = YES;
				CLANG_WARN_CONSTANT_CONVERSION = YES;
				CLANG_WARN_DIRECT_OBJC_ISA_USAGE = YES_ERROR;
				CLANG_WARN_EMPTY_BODY = YES;
				CLANG_WARN_ENUM_CONVERSION = YES;
				CLANG_WARN_INT_CONVERSION = YES;
				CLANG_WARN_OBJC_ROOT_CLASS = YES_ERROR;
				CLANG_WARN__DUPLICATE_METHOD_MATCH = YES;
				"CODE_SIGN_IDENTITY[sdk=iphoneos*]" = "iPhone Developer";
				COPY_PHASE_STRIP = NO;
				GCC_C_LANGUAGE_STANDARD = gnu99;
				GCC_DYNAMIC_NO_PIC = NO;
				GCC_OPTIMIZATION_LEVEL = 0;
				GCC_PREPROCESSOR_DEFINITIONS = (
					"DEBUG=1",
					"$(inherited)",
				);
				GCC_SYMBOLS_PRIVATE_EXTERN = NO;
				GCC_WARN_64_TO_32_BIT_CONVERSION = YES;
				GCC_WARN_ABOUT_RETURN_TYPE = YES_ERROR;
				GCC_WARN_UNDECLARED_SELECTOR = YES;
				GCC_WARN_UNINITIALIZED_AUTOS = YES_AGGRESSIVE;
				GCC_WARN_UNUSED_FUNCTION = YES;
				GCC_WARN_UNUSED_VARIABLE = YES;
				IPHONEOS_DEPLOYMENT_TARGET = 7.1;
				ONLY_ACTIVE_ARCH = YES;
				SDKROOT = iphoneos;
				TARGETED_DEVICE_FAMILY = "1,2";
			};
			name = Debug;
		};
		B533D209199CF05F00C78EBA /* Release */ = {
			isa = XCBuildConfiguration;
			buildSettings = {
				ALWAYS_SEARCH_USER_PATHS = NO;
				CLANG_CXX_LANGUAGE_STANDARD = "gnu++0x";
				CLANG_CXX_LIBRARY = "libc++";
				CLANG_ENABLE_MODULES = YES;
				CLANG_ENABLE_OBJC_ARC = YES;
				CLANG_WARN_BOOL_CONVERSION = YES;
				CLANG_WARN_CONSTANT_CONVERSION = YES;
				CLANG_WARN_DIRECT_OBJC_ISA_USAGE = YES_ERROR;
				CLANG_WARN_EMPTY_BODY = YES;
				CLANG_WARN_ENUM_CONVERSION = YES;
				CLANG_WARN_INT_CONVERSION = YES;
				CLANG_WARN_OBJC_ROOT_CLASS = YES_ERROR;
				CLANG_WARN__DUPLICATE_METHOD_MATCH = YES;
				"CODE_SIGN_IDENTITY[sdk=iphoneos*]" = "iPhone Developer";
				COPY_PHASE_STRIP = YES;
				ENABLE_NS_ASSERTIONS = NO;
				GCC_C_LANGUAGE_STANDARD = gnu99;
				GCC_WARN_64_TO_32_BIT_CONVERSION = YES;
				GCC_WARN_ABOUT_RETURN_TYPE = YES_ERROR;
				GCC_WARN_UNDECLARED_SELECTOR = YES;
				GCC_WARN_UNINITIALIZED_AUTOS = YES_AGGRESSIVE;
				GCC_WARN_UNUSED_FUNCTION = YES;
				GCC_WARN_UNUSED_VARIABLE = YES;
				IPHONEOS_DEPLOYMENT_TARGET = 7.1;
				SDKROOT = iphoneos;
				TARGETED_DEVICE_FAMILY = "1,2";
				VALIDATE_PRODUCT = YES;
			};
			name = Release;
		};
		B533D20B199CF05F00C78EBA /* Debug */ = {
			isa = XCBuildConfiguration;
			buildSettings = {
				ASSETCATALOG_COMPILER_APPICON_NAME = AppIcon;
				ASSETCATALOG_COMPILER_LAUNCHIMAGE_NAME = LaunchImage;
				GCC_PRECOMPILE_PREFIX_HEADER = YES;
				GCC_PREFIX_HEADER = "QuestionAsk/QuestionAsk-Prefix.pch";
				INFOPLIST_FILE = "QuestionAsk/QuestionAsk-Info.plist";
				PRODUCT_NAME = "$(TARGET_NAME)";
				WRAPPER_EXTENSION = app;
			};
			name = Debug;
		};
		B533D20C199CF05F00C78EBA /* Release */ = {
			isa = XCBuildConfiguration;
			buildSettings = {
				ASSETCATALOG_COMPILER_APPICON_NAME = AppIcon;
				ASSETCATALOG_COMPILER_LAUNCHIMAGE_NAME = LaunchImage;
				GCC_PRECOMPILE_PREFIX_HEADER = YES;
				GCC_PREFIX_HEADER = "QuestionAsk/QuestionAsk-Prefix.pch";
				INFOPLIST_FILE = "QuestionAsk/QuestionAsk-Info.plist";
				PRODUCT_NAME = "$(TARGET_NAME)";
				WRAPPER_EXTENSION = app;
			};
			name = Release;
		};
		B533D20E199CF05F00C78EBA /* Debug */ = {
			isa = XCBuildConfiguration;
			buildSettings = {
				BUNDLE_LOADER = "$(BUILT_PRODUCTS_DIR)/QuestionAsk.app/QuestionAsk";
				FRAMEWORK_SEARCH_PATHS = (
					"$(SDKROOT)/Developer/Library/Frameworks",
					"$(inherited)",
					"$(DEVELOPER_FRAMEWORKS_DIR)",
				);
				GCC_PRECOMPILE_PREFIX_HEADER = YES;
				GCC_PREFIX_HEADER = "QuestionAsk/QuestionAsk-Prefix.pch";
				GCC_PREPROCESSOR_DEFINITIONS = (
					"DEBUG=1",
					"$(inherited)",
				);
				INFOPLIST_FILE = "QuestionAskTests/QuestionAskTests-Info.plist";
				PRODUCT_NAME = "$(TARGET_NAME)";
				TEST_HOST = "$(BUNDLE_LOADER)";
				WRAPPER_EXTENSION = xctest;
			};
			name = Debug;
		};
		B533D20F199CF05F00C78EBA /* Release */ = {
			isa = XCBuildConfiguration;
			buildSettings = {
				BUNDLE_LOADER = "$(BUILT_PRODUCTS_DIR)/QuestionAsk.app/QuestionAsk";
				FRAMEWORK_SEARCH_PATHS = (
					"$(SDKROOT)/Developer/Library/Frameworks",
					"$(inherited)",
					"$(DEVELOPER_FRAMEWORKS_DIR)",
				);
				GCC_PRECOMPILE_PREFIX_HEADER = YES;
				GCC_PREFIX_HEADER = "QuestionAsk/QuestionAsk-Prefix.pch";
				INFOPLIST_FILE = "QuestionAskTests/QuestionAskTests-Info.plist";
				PRODUCT_NAME = "$(TARGET_NAME)";
				TEST_HOST = "$(BUNDLE_LOADER)";
				WRAPPER_EXTENSION = xctest;
			};
			name = Release;
		};
/* End XCBuildConfiguration section */

/* Begin XCConfigurationList section */
		B533D1D0199CF05F00C78EBA /* Build configuration list for PBXProject "QuestionAsk" */ = {
			isa = XCConfigurationList;
			buildConfigurations = (
				B533D208199CF05F00C78EBA /* Debug */,
				B533D209199CF05F00C78EBA /* Release */,
			);
			defaultConfigurationIsVisible = 0;
			defaultConfigurationName = Release;
		};
		B533D20A199CF05F00C78EBA /* Build configuration list for PBXNativeTarget "QuestionAsk" */ = {
			isa = XCConfigurationList;
			buildConfigurations = (
				B533D20B199CF05F00C78EBA /* Debug */,
				B533D20C199CF05F00C78EBA /* Release */,
			);
			defaultConfigurationIsVisible = 0;
			defaultConfigurationName = Release;
		};
		B533D20D199CF05F00C78EBA /* Build configuration list for PBXNativeTarget "QuestionAskTests" */ = {
			isa = XCConfigurationList;
			buildConfigurations = (
				B533D20E199CF05F00C78EBA /* Debug */,
				B533D20F199CF05F00C78EBA /* Release */,
			);
			defaultConfigurationIsVisible = 0;
			defaultConfigurationName = Release;
		};
/* End XCConfigurationList section */
	};
	rootObject = B533D1CD199CF05F00C78EBA /* Project object */;
}
